
Microsoft Visual Studio Solution File, Format Version 12.00
# Visual Studio 15
VisualStudioVersion = 15.0.26124.0
MinimumVisualStudioVersion = 15.0.26124.0
Project("{FAE04EC0-301F-11D3-BF4B-00C04F79EFBC}") = "API", "API\API.csproj", "{84806AED-5FCC-4770-A262-EC22BC32B22E}"
EndProject
Project("{FAE04EC0-301F-11D3-BF4B-00C04F79EFBC}") = "Core", "Core\Core.csproj", "{6839180A-8FCA-4CE1-9F4E-43EFB9769D00}"
EndProject
Project("{FAE04EC0-301F-11D3-BF4B-00C04F79EFBC}") = "Infrastructure", "Infrastructure\Infrastructure.csproj", "{4A328264-5CDB-43E5-80EA-6FEEBD545001}"
EndProject
Project("{FAE04EC0-301F-11D3-BF4B-00C04F79EFBC}") = "View", "View\View.csproj", "{895C865D-60FE-4DEA-9E76-528585757C57}"
EndProject
Project("{FAE04EC0-301F-11D3-BF4B-00C04F79EFBC}") = "User", "User\User.csproj", "{28375ED6-D934-4F6C-87F6-023946A6C68B}"
EndProject
Project("{FAE04EC0-301F-11D3-BF4B-00C04F79EFBC}") = "Source", "Source\Source.csproj", "{DEA4A5B6-8307-45A2-990D-9F73D43315F3}"
EndProject
Global
	GlobalSection(SolutionConfigurationPlatforms) = preSolution
		Debug|Any CPU = Debug|Any CPU
		Debug|x64 = Debug|x64
		Debug|x86 = Debug|x86
		Release|Any CPU = Release|Any CPU
		Release|x64 = Release|x64
		Release|x86 = Release|x86
	EndGlobalSection
	GlobalSection(SolutionProperties) = preSolution
		HideSolutionNode = FALSE
	EndGlobalSection
	GlobalSection(ProjectConfigurationPlatforms) = postSolution
		{84806AED-5FCC-4770-A262-EC22BC32B22E}.Debug|Any CPU.ActiveCfg = Debug|Any CPU
		{84806AED-5FCC-4770-A262-EC22BC32B22E}.Debug|Any CPU.Build.0 = Debug|Any CPU
		{84806AED-5FCC-4770-A262-EC22BC32B22E}.Debug|x64.ActiveCfg = Debug|Any CPU
		{84806AED-5FCC-4770-A262-EC22BC32B22E}.Debug|x64.Build.0 = Debug|Any CPU
		{84806AED-5FCC-4770-A262-EC22BC32B22E}.Debug|x86.ActiveCfg = Debug|Any CPU
		{84806AED-5FCC-4770-A262-EC22BC32B22E}.Debug|x86.Build.0 = Debug|Any CPU
		{84806AED-5FCC-4770-A262-EC22BC32B22E}.Release|Any CPU.ActiveCfg = Release|Any CPU
		{84806AED-5FCC-4770-A262-EC22BC32B22E}.Release|Any CPU.Build.0 = Release|Any CPU
		{84806AED-5FCC-4770-A262-EC22BC32B22E}.Release|x64.ActiveCfg = Release|Any CPU
		{84806AED-5FCC-4770-A262-EC22BC32B22E}.Release|x64.Build.0 = Release|Any CPU
		{84806AED-5FCC-4770-A262-EC22BC32B22E}.Release|x86.ActiveCfg = Release|Any CPU
		{84806AED-5FCC-4770-A262-EC22BC32B22E}.Release|x86.Build.0 = Release|Any CPU
		{6839180A-8FCA-4CE1-9F4E-43EFB9769D00}.Debug|Any CPU.ActiveCfg = Debug|Any CPU
		{6839180A-8FCA-4CE1-9F4E-43EFB9769D00}.Debug|Any CPU.Build.0 = Debug|Any CPU
		{6839180A-8FCA-4CE1-9F4E-43EFB9769D00}.Debug|x64.ActiveCfg = Debug|Any CPU
		{6839180A-8FCA-4CE1-9F4E-43EFB9769D00}.Debug|x64.Build.0 = Debug|Any CPU
		{6839180A-8FCA-4CE1-9F4E-43EFB9769D00}.Debug|x86.ActiveCfg = Debug|Any CPU
		{6839180A-8FCA-4CE1-9F4E-43EFB9769D00}.Debug|x86.Build.0 = Debug|Any CPU
		{6839180A-8FCA-4CE1-9F4E-43EFB9769D00}.Release|Any CPU.ActiveCfg = Release|Any CPU
		{6839180A-8FCA-4CE1-9F4E-43EFB9769D00}.Release|Any CPU.Build.0 = Release|Any CPU
		{6839180A-8FCA-4CE1-9F4E-43EFB9769D00}.Release|x64.ActiveCfg = Release|Any CPU
		{6839180A-8FCA-4CE1-9F4E-43EFB9769D00}.Release|x64.Build.0 = Release|Any CPU
		{6839180A-8FCA-4CE1-9F4E-43EFB9769D00}.Release|x86.ActiveCfg = Release|Any CPU
		{6839180A-8FCA-4CE1-9F4E-43EFB9769D00}.Release|x86.Build.0 = Release|Any CPU
		{4A328264-5CDB-43E5-80EA-6FEEBD545001}.Debug|Any CPU.ActiveCfg = Debug|Any CPU
		{4A328264-5CDB-43E5-80EA-6FEEBD545001}.Debug|Any CPU.Build.0 = Debug|Any CPU
		{4A328264-5CDB-43E5-80EA-6FEEBD545001}.Debug|x64.ActiveCfg = Debug|Any CPU
		{4A328264-5CDB-43E5-80EA-6FEEBD545001}.Debug|x64.Build.0 = Debug|Any CPU
		{4A328264-5CDB-43E5-80EA-6FEEBD545001}.Debug|x86.ActiveCfg = Debug|Any CPU
		{4A328264-5CDB-43E5-80EA-6FEEBD545001}.Debug|x86.Build.0 = Debug|Any CPU
		{4A328264-5CDB-43E5-80EA-6FEEBD545001}.Release|Any CPU.ActiveCfg = Release|Any CPU
		{4A328264-5CDB-43E5-80EA-6FEEBD545001}.Release|Any CPU.Build.0 = Release|Any CPU
		{4A328264-5CDB-43E5-80EA-6FEEBD545001}.Release|x64.ActiveCfg = Release|Any CPU
		{4A328264-5CDB-43E5-80EA-6FEEBD545001}.Release|x64.Build.0 = Release|Any CPU
		{4A328264-5CDB-43E5-80EA-6FEEBD545001}.Release|x86.ActiveCfg = Release|Any CPU
		{4A328264-5CDB-43E5-80EA-6FEEBD545001}.Release|x86.Build.0 = Release|Any CPU
		{895C865D-60FE-4DEA-9E76-528585757C57}.Debug|Any CPU.ActiveCfg = Debug|Any CPU
		{895C865D-60FE-4DEA-9E76-528585757C57}.Debug|Any CPU.Build.0 = Debug|Any CPU
		{895C865D-60FE-4DEA-9E76-528585757C57}.Debug|x64.ActiveCfg = Debug|Any CPU
		{895C865D-60FE-4DEA-9E76-528585757C57}.Debug|x64.Build.0 = Debug|Any CPU
		{895C865D-60FE-4DEA-9E76-528585757C57}.Debug|x86.ActiveCfg = Debug|Any CPU
		{895C865D-60FE-4DEA-9E76-528585757C57}.Debug|x86.Build.0 = Debug|Any CPU
		{895C865D-60FE-4DEA-9E76-528585757C57}.Release|Any CPU.ActiveCfg = Release|Any CPU
		{895C865D-60FE-4DEA-9E76-528585757C57}.Release|Any CPU.Build.0 = Release|Any CPU
		{895C865D-60FE-4DEA-9E76-528585757C57}.Release|x64.ActiveCfg = Release|Any CPU
		{895C865D-60FE-4DEA-9E76-528585757C57}.Release|x64.Build.0 = Release|Any CPU
		{895C865D-60FE-4DEA-9E76-528585757C57}.Release|x86.ActiveCfg = Release|Any CPU
		{895C865D-60FE-4DEA-9E76-528585757C57}.Release|x86.Build.0 = Release|Any CPU
		{28375ED6-D934-4F6C-87F6-023946A6C68B}.Debug|Any CPU.ActiveCfg = Debug|Any CPU
		{28375ED6-D934-4F6C-87F6-023946A6C68B}.Debug|Any CPU.Build.0 = Debug|Any CPU
		{28375ED6-D934-4F6C-87F6-023946A6C68B}.Debug|x64.ActiveCfg = Debug|Any CPU
		{28375ED6-D934-4F6C-87F6-023946A6C68B}.Debug|x64.Build.0 = Debug|Any CPU
		{28375ED6-D934-4F6C-87F6-023946A6C68B}.Debug|x86.ActiveCfg = Debug|Any CPU
		{28375ED6-D934-4F6C-87F6-023946A6C68B}.Debug|x86.Build.0 = Debug|Any CPU
		{28375ED6-D934-4F6C-87F6-023946A6C68B}.Release|Any CPU.ActiveCfg = Release|Any CPU
		{28375ED6-D934-4F6C-87F6-023946A6C68B}.Release|Any CPU.Build.0 = Release|Any CPU
		{28375ED6-D934-4F6C-87F6-023946A6C68B}.Release|x64.ActiveCfg = Release|Any CPU
		{28375ED6-D934-4F6C-87F6-023946A6C68B}.Release|x64.Build.0 = Release|Any CPU
		{28375ED6-D934-4F6C-87F6-023946A6C68B}.Release|x86.ActiveCfg = Release|Any CPU
		{28375ED6-D934-4F6C-87F6-023946A6C68B}.Release|x86.Build.0 = Release|Any CPU
		{DEA4A5B6-8307-45A2-990D-9F73D43315F3}.Debug|Any CPU.ActiveCfg = Debug|Any CPU
		{DEA4A5B6-8307-45A2-990D-9F73D43315F3}.Debug|Any CPU.Build.0 = Debug|Any CPU
		{DEA4A5B6-8307-45A2-990D-9F73D43315F3}.Debug|x64.ActiveCfg = Debug|Any CPU
		{DEA4A5B6-8307-45A2-990D-9F73D43315F3}.Debug|x64.Build.0 = Debug|Any CPU
		{DEA4A5B6-8307-45A2-990D-9F73D43315F3}.Debug|x86.ActiveCfg = Debug|Any CPU
		{DEA4A5B6-8307-45A2-990D-9F73D43315F3}.Debug|x86.Build.0 = Debug|Any CPU
		{DEA4A5B6-8307-45A2-990D-9F73D43315F3}.Release|Any CPU.ActiveCfg = Release|Any CPU
		{DEA4A5B6-8307-45A2-990D-9F73D43315F3}.Release|Any CPU.Build.0 = Release|Any CPU
		{DEA4A5B6-8307-45A2-990D-9F73D43315F3}.Release|x64.ActiveCfg = Release|Any CPU
		{DEA4A5B6-8307-45A2-990D-9F73D43315F3}.Release|x64.Build.0 = Release|Any CPU
		{DEA4A5B6-8307-45A2-990D-9F73D43315F3}.Release|x86.ActiveCfg = Release|Any CPU
		{DEA4A5B6-8307-45A2-990D-9F73D43315F3}.Release|x86.Build.0 = Release|Any CPU
	EndGlobalSection
EndGlobal
